{
  "version": 4,
  "terraform_version": "1.8.0",
  "serial": 57,
  "lineage": "49d47a5a-99c6-ed1c-0df8-ad738844c7df",
  "outputs": {
    "kubernetes_cluster_host": {
      "value": "10.13.0.2",
      "type": "string"
    },
    "kubernetes_cluster_name": {
      "value": "my-gke-cluster",
      "type": "string"
    }
  },
  "resources": [
    {
      "mode": "managed",
      "type": "google_compute_address",
      "name": "my_internal_ip_addr",
      "provider": "provider[\"registry.terraform.io/hashicorp/google\"]",
      "instances": [
        {
          "schema_version": 0,
          "attributes": {
            "address": "10.0.0.7",
            "address_type": "INTERNAL",
            "creation_timestamp": "2024-08-13T03:06:57.550-07:00",
            "description": "An internal IP address for my jump host",
            "id": "projects/psyched-timer-426907-d6/regions/asia-south2/addresses/my-ip",
            "name": "my-ip",
            "network": "",
            "network_tier": "PREMIUM",
            "prefix_length": 0,
            "project": "psyched-timer-426907-d6",
            "purpose": "GCE_ENDPOINT",
            "region": "asia-south2",
            "self_link": "https://www.googleapis.com/compute/v1/projects/psyched-timer-426907-d6/regions/asia-south2/addresses/my-ip",
            "subnetwork": "https://www.googleapis.com/compute/v1/projects/psyched-timer-426907-d6/regions/asia-south2/subnetworks/subnet1",
            "timeouts": null,
            "users": []
          },
          "sensitive_attributes": [],
          "private": "eyJlMmJmYjczMC1lY2FhLTExZTYtOGY4OC0zNDM2M2JjN2M0YzAiOnsiY3JlYXRlIjoyNDAwMDAwMDAwMDAsImRlbGV0ZSI6MjQwMDAwMDAwMDAwfX0="
        }
      ]
    },
    {
      "mode": "managed",
      "type": "google_compute_firewall",
      "name": "rules",
      "provider": "provider[\"registry.terraform.io/hashicorp/google\"]",
      "instances": [
        {
          "schema_version": 1,
          "attributes": {
            "allow": [
              {
                "ports": [
                  "22"
                ],
                "protocol": "tcp"
              }
            ],
            "creation_timestamp": "2024-08-13T03:06:50.896-07:00",
            "deny": [],
            "description": "",
            "destination_ranges": [],
            "direction": "INGRESS",
            "disabled": false,
            "enable_logging": null,
            "id": "projects/psyched-timer-426907-d6/global/firewalls/allow-ssh",
            "log_config": [],
            "name": "allow-ssh",
            "network": "https://www.googleapis.com/compute/v1/projects/psyched-timer-426907-d6/global/networks/vpc1",
            "priority": 1000,
            "project": "psyched-timer-426907-d6",
            "self_link": "https://www.googleapis.com/compute/v1/projects/psyched-timer-426907-d6/global/firewalls/allow-ssh",
            "source_ranges": [
              "35.235.240.0/20"
            ],
            "source_service_accounts": null,
            "source_tags": null,
            "target_service_accounts": null,
            "target_tags": null,
            "timeouts": null
          },
          "sensitive_attributes": [],
          "private": "eyJlMmJmYjczMC1lY2FhLTExZTYtOGY4OC0zNDM2M2JjN2M0YzAiOnsiY3JlYXRlIjoyNDAwMDAwMDAwMDAsImRlbGV0ZSI6MjQwMDAwMDAwMDAwLCJ1cGRhdGUiOjI0MDAwMDAwMDAwMH0sInNjaGVtYV92ZXJzaW9uIjoiMSJ9"
        }
      ]
    },
    {
      "mode": "managed",
      "type": "google_compute_instance",
      "name": "default",
      "provider": "provider[\"registry.terraform.io/hashicorp/google\"]",
      "instances": [
        {
          "schema_version": 6,
          "attributes": {
            "advanced_machine_features": [],
            "allow_stopping_for_update": null,
            "attached_disk": [],
            "boot_disk": [
              {
                "auto_delete": true,
                "device_name": "persistent-disk-0",
                "disk_encryption_key_raw": "",
                "disk_encryption_key_sha256": "",
                "initialize_params": [
                  {
                    "image": "https://www.googleapis.com/compute/v1/projects/debian-cloud/global/images/debian-11-bullseye-v20240709",
                    "labels": {},
                    "size": 10,
                    "type": "pd-standard"
                  }
                ],
                "kms_key_self_link": "",
                "mode": "READ_WRITE",
                "source": "https://www.googleapis.com/compute/v1/projects/psyched-timer-426907-d6/zones/asia-south2-a/disks/jump-host"
              }
            ],
            "can_ip_forward": false,
            "confidential_instance_config": [],
            "cpu_platform": "AMD Rome",
            "current_status": "RUNNING",
            "deletion_protection": false,
            "description": "",
            "desired_status": null,
            "enable_display": false,
            "guest_accelerator": [],
            "hostname": "",
            "id": "projects/psyched-timer-426907-d6/zones/asia-south2-a/instances/jump-host",
            "instance_id": "5091260484944301736",
            "label_fingerprint": "42WmSpB8rSM=",
            "labels": null,
            "machine_type": "e2-medium",
            "metadata": null,
            "metadata_fingerprint": "8LtqpYDrGd4=",
            "metadata_startup_script": null,
            "min_cpu_platform": "",
            "name": "jump-host",
            "network_interface": [
              {
                "access_config": [],
                "alias_ip_range": [],
                "ipv6_access_config": [],
                "ipv6_access_type": "",
                "name": "nic0",
                "network": "https://www.googleapis.com/compute/v1/projects/psyched-timer-426907-d6/global/networks/vpc1",
                "network_ip": "10.0.0.7",
                "nic_type": "",
                "queue_count": 0,
                "stack_type": "IPV4_ONLY",
                "subnetwork": "https://www.googleapis.com/compute/v1/projects/psyched-timer-426907-d6/regions/asia-south2/subnetworks/subnet1",
                "subnetwork_project": "psyched-timer-426907-d6"
              }
            ],
            "project": "psyched-timer-426907-d6",
            "reservation_affinity": [],
            "resource_policies": null,
            "scheduling": [
              {
                "automatic_restart": true,
                "min_node_cpus": 0,
                "node_affinities": [],
                "on_host_maintenance": "MIGRATE",
                "preemptible": false
              }
            ],
            "scratch_disk": [],
            "self_link": "https://www.googleapis.com/compute/v1/projects/psyched-timer-426907-d6/zones/asia-south2-a/instances/jump-host",
            "service_account": [],
            "shielded_instance_config": [
              {
                "enable_integrity_monitoring": true,
                "enable_secure_boot": false,
                "enable_vtpm": true
              }
            ],
            "tags": null,
            "tags_fingerprint": "42WmSpB8rSM=",
            "timeouts": null,
            "zone": "asia-south2-a"
          },
          "sensitive_attributes": [
            [
              {
                "type": "get_attr",
                "value": "boot_disk"
              },
              {
                "type": "index",
                "value": {
                  "value": 0,
                  "type": "number"
                }
              },
              {
                "type": "get_attr",
                "value": "disk_encryption_key_raw"
              }
            ]
          ],
          "private": "eyJlMmJmYjczMC1lY2FhLTExZTYtOGY4OC0zNDM2M2JjN2M0YzAiOnsiY3JlYXRlIjoxMjAwMDAwMDAwMDAwLCJkZWxldGUiOjEyMDAwMDAwMDAwMDAsInVwZGF0ZSI6MTIwMDAwMDAwMDAwMH0sInNjaGVtYV92ZXJzaW9uIjoiNiJ9",
          "dependencies": [
            "google_compute_address.my_internal_ip_addr"
          ]
        }
      ]
    },
    {
      "mode": "managed",
      "type": "google_compute_network",
      "name": "vpc",
      "provider": "provider[\"registry.terraform.io/hashicorp/google\"]",
      "instances": [
        {
          "schema_version": 0,
          "attributes": {
            "auto_create_subnetworks": false,
            "delete_default_routes_on_create": false,
            "description": "",
            "gateway_ipv4": "",
            "id": "projects/psyched-timer-426907-d6/global/networks/vpc1",
            "mtu": 0,
            "name": "vpc1",
            "project": "psyched-timer-426907-d6",
            "routing_mode": "REGIONAL",
            "self_link": "https://www.googleapis.com/compute/v1/projects/psyched-timer-426907-d6/global/networks/vpc1",
            "timeouts": null
          },
          "sensitive_attributes": [],
          "private": "eyJlMmJmYjczMC1lY2FhLTExZTYtOGY4OC0zNDM2M2JjN2M0YzAiOnsiY3JlYXRlIjoyNDAwMDAwMDAwMDAsImRlbGV0ZSI6MjQwMDAwMDAwMDAwLCJ1cGRhdGUiOjI0MDAwMDAwMDAwMH19"
        }
      ]
    },
    {
      "mode": "managed",
      "type": "google_compute_router",
      "name": "router",
      "provider": "provider[\"registry.terraform.io/hashicorp/google\"]",
      "instances": [
        {
          "schema_version": 0,
          "attributes": {
            "bgp": [],
            "creation_timestamp": "2024-08-13T03:06:52.577-07:00",
            "description": "",
            "encrypted_interconnect_router": false,
            "id": "projects/psyched-timer-426907-d6/regions/asia-south2/routers/nat-router",
            "name": "nat-router",
            "network": "https://www.googleapis.com/compute/v1/projects/psyched-timer-426907-d6/global/networks/vpc1",
            "project": "psyched-timer-426907-d6",
            "region": "asia-south2",
            "self_link": "https://www.googleapis.com/compute/v1/projects/psyched-timer-426907-d6/regions/asia-south2/routers/nat-router",
            "timeouts": null
          },
          "sensitive_attributes": [],
          "private": "eyJlMmJmYjczMC1lY2FhLTExZTYtOGY4OC0zNDM2M2JjN2M0YzAiOnsiY3JlYXRlIjoyNDAwMDAwMDAwMDAsImRlbGV0ZSI6MjQwMDAwMDAwMDAwLCJ1cGRhdGUiOjI0MDAwMDAwMDAwMH19"
        }
      ]
    },
    {
      "mode": "managed",
      "type": "google_compute_subnetwork",
      "name": "subnet",
      "provider": "provider[\"registry.terraform.io/hashicorp/google\"]",
      "instances": [
        {
          "schema_version": 0,
          "attributes": {
            "creation_timestamp": "2024-08-13T02:43:04.875-07:00",
            "description": "",
            "external_ipv6_prefix": "",
            "fingerprint": null,
            "gateway_address": "10.0.0.1",
            "id": "projects/psyched-timer-426907-d6/regions/asia-south2/subnetworks/subnet1",
            "ip_cidr_range": "10.0.0.0/24",
            "ipv6_access_type": "",
            "ipv6_cidr_range": "",
            "log_config": [],
            "name": "subnet1",
            "network": "https://www.googleapis.com/compute/v1/projects/psyched-timer-426907-d6/global/networks/vpc1",
            "private_ip_google_access": false,
            "private_ipv6_google_access": "DISABLE_GOOGLE_ACCESS",
            "project": "psyched-timer-426907-d6",
            "purpose": "PRIVATE",
            "region": "asia-south2",
            "role": "",
            "secondary_ip_range": [
              {
                "ip_cidr_range": "10.12.0.0/21",
                "range_name": "gke-my-gke-cluster-services-0c0f359f"
              },
              {
                "ip_cidr_range": "10.11.0.0/21",
                "range_name": "gke-my-gke-cluster-pods-0c0f359f"
              }
            ],
            "self_link": "https://www.googleapis.com/compute/v1/projects/psyched-timer-426907-d6/regions/asia-south2/subnetworks/subnet1",
            "stack_type": "IPV4_ONLY",
            "timeouts": null
          },
          "sensitive_attributes": [],
          "private": "eyJlMmJmYjczMC1lY2FhLTExZTYtOGY4OC0zNDM2M2JjN2M0YzAiOnsiY3JlYXRlIjozNjAwMDAwMDAwMDAsImRlbGV0ZSI6MzYwMDAwMDAwMDAwLCJ1cGRhdGUiOjM2MDAwMDAwMDAwMH19",
          "dependencies": [
            "google_compute_network.vpc"
          ]
        }
      ]
    },
    {
      "mode": "managed",
      "type": "google_container_cluster",
      "name": "primary",
      "provider": "provider[\"registry.terraform.io/hashicorp/google\"]",
      "instances": [
        {
          "schema_version": 1,
          "attributes": {
            "addons_config": [
              {
                "cloudrun_config": [],
                "horizontal_pod_autoscaling": [],
                "http_load_balancing": [],
                "network_policy_config": [
                  {
                    "disabled": true
                  }
                ]
              }
            ],
            "authenticator_groups_config": [],
            "cluster_autoscaling": [
              {
                "auto_provisioning_defaults": [],
                "enabled": false,
                "resource_limits": []
              }
            ],
            "cluster_ipv4_cidr": "10.11.0.0/21",
            "confidential_nodes": [],
            "database_encryption": [
              {
                "key_name": "",
                "state": "DECRYPTED"
              }
            ],
            "datapath_provider": "",
            "default_max_pods_per_node": 110,
            "default_snat_status": [
              {
                "disabled": false
              }
            ],
            "description": "",
            "dns_config": [],
            "enable_autopilot": false,
            "enable_binary_authorization": false,
            "enable_intranode_visibility": false,
            "enable_kubernetes_alpha": false,
            "enable_legacy_abac": false,
            "enable_shielded_nodes": true,
            "enable_tpu": false,
            "endpoint": "10.13.0.2",
            "id": "projects/psyched-timer-426907-d6/locations/asia-south2-a/clusters/my-gke-cluster",
            "initial_node_count": 1,
            "ip_allocation_policy": [
              {
                "cluster_ipv4_cidr_block": "10.11.0.0/21",
                "cluster_secondary_range_name": "gke-my-gke-cluster-pods-0c0f359f",
                "services_ipv4_cidr_block": "10.12.0.0/21",
                "services_secondary_range_name": "gke-my-gke-cluster-services-0c0f359f"
              }
            ],
            "label_fingerprint": "a9dc16a7",
            "location": "asia-south2-a",
            "logging_config": [
              {
                "enable_components": [
                  "SYSTEM_COMPONENTS",
                  "WORKLOADS"
                ]
              }
            ],
            "logging_service": "logging.googleapis.com/kubernetes",
            "maintenance_policy": [],
            "master_auth": [
              {
                "client_certificate": "",
                "client_certificate_config": [
                  {
                    "issue_client_certificate": false
                  }
                ],
                "client_key": "",
                "cluster_ca_certificate": "LS0tLS1CRUdJTiBDRVJUSUZJQ0FURS0tLS0tCk1JSUVMVENDQXBXZ0F3SUJBZ0lSQUtIRHViSitLcURnSXovV0k4UjNJeHN3RFFZSktvWklodmNOQVFFTEJRQXcKTHpFdE1Dc0dBMVVFQXhNa05UZzRNMk5pT0RZdE1tUm1aUzAwTldWakxXSXlZelV0TVRsbU9UVTNOVFEyTnpnegpNQ0FYRFRJME1EZ3hNekE0TkRNek9Gb1lEekl3TlRRd09EQTJNRGswTXpNNFdqQXZNUzB3S3dZRFZRUURFeVExCk9EZ3pZMkk0TmkweVpHWmxMVFExWldNdFlqSmpOUzB4T1dZNU5UYzFORFkzT0RNd2dnR2lNQTBHQ1NxR1NJYjMKRFFFQkFRVUFBNElCandBd2dnR0tBb0lCZ1FDeWhjVWRETVEvalRUdGlZZWRIZHBKRHR2aUprb0o1UDBtMllsMApjbGhreTJ4WlVKblh5NkdoNzdGaU83SlVxclRUcm8rbVpDS28yVHU0WmNjODRBK3hxTnh2bXZnY1VQa2lJVmRCCkdXbEljMlkyekY1NTlVQVhpeldiYWJsRnRDZklZL3Ficm9JdWI3eUFEdVlKaFJVV3p5S2NUekZidUplcENFeHQKamZmaHZhVW56bGVkWnZ5Qk1wWGZEcWlOMmFXQ29PenZZUi9LN2lvUVlSWFFPUy8zcDhSUU1ES1psR1RaQk40ZgpuMjVsNjJPREt6WTJQS1hqZDF6RmIvbUtxR1NqK0puVkJjTVcwVXU3d2wzdnhQZ2htbjBsTW9zbERwQ2pWKzJ5CnZaWDBDaEthMG44Zk9Zck4yWXVRYkJWRHIwQWlxL2oycU8rdXVQMWVYTFc0cGduNmxWaFJjMjFVckpJNDdiTlYKRmsybUhGOTlqQzAwbnBnQjErVlgwUG0rU0d0aHNocURkQWw5L3c1aHBCdDlHQ1U4VWRMS3J1Y0IyYXRIT05MTgorektCVXNHWjdYMGN5MVNxd0lRSXM5M3FHakw2VGhaT1h3MTh0WHUyZEZCUnRQMVVaQ3VmcDJjTXJjZ3dld1ZhCjNaTk1jT2xwU1pmR0w0VGNKcVlRSGZnSHN2Y0NBd0VBQWFOQ01FQXdEZ1lEVlIwUEFRSC9CQVFEQWdJRU1BOEcKQTFVZEV3RUIvd1FGTUFNQkFmOHdIUVlEVlIwT0JCWUVGSzlNMkhWUTVEcjJxS25lVFFEZURDNXBmc2JBTUEwRwpDU3FHU0liM0RRRUJDd1VBQTRJQmdRQW1pTWQyeEFyM0phMTdCZ3JSVW5ENkwxOFhHVE82Vi9nOTVuTVZPbWh5CkZ1OUVZbWlwQmMzUlBqMFBpOEF5STNVQi9qbWhONWlLLzZNNktrcm5sUXVJbU5Cblo3RXJlcUpRVjJaVmRNcVMKakRuc3J2Yit3ekJGZzlOT21reHdaZGw0dE92V3lDOUJoYkpKNWV2N255Ty9uMjBHdGhCTFpXTVdtYytQWWdHagpxTUsxVFYvMVlTSUk1SlI4eVdoYWNpd2NtNU9SVGxtK2g2QVdjQXNyZmRrUm13ekJkNlU2d1JvVzl0UkdNMms1Cm9JQVNwenB1ZFRpdnlVNzNtcEIrTXVLaXVKbmR0UkNPS2pvQTBFQ0pGQytsTnV1c0EwS1RTN0JaOUhTd2hUd04KSmwwRzZDelloSkFnS04xLzVzSGhRRjRRQnMxNk91QS83RmlBcHdYNkJDZWw5aGl6b3VtV0lmRG9VdENaMVloNgplZ1ZCbEZ3blhDMEJUWFVwbDlWRVhac2pXOHFMczFxVFBwUDlSSmsySmQ0b2lrQTV4V3ExSU9SVHN2RUY0ajlOCnI3NUJoM1BWV0pZTEYxWmt6NU5nWDQrSmtGZGl0cHFnZGpvYmYvUC9ETnFYSE1KTDB6VHRaWTNRbG90bFNWT04KblRudDQ5TjE2ZlkrQXdDekRJRmw2L1U9Ci0tLS0tRU5EIENFUlRJRklDQVRFLS0tLS0K"
              }
            ],
            "master_authorized_networks_config": [
              {
                "cidr_blocks": [
                  {
                    "cidr_block": "10.0.0.7/32",
                    "display_name": "net1"
                  }
                ]
              }
            ],
            "master_version": "1.29.6-gke.1326000",
            "min_master_version": null,
            "monitoring_config": [
              {
                "enable_components": [
                  "SYSTEM_COMPONENTS",
                  "HPA",
                  "POD",
                  "DAEMONSET",
                  "DEPLOYMENT",
                  "STATEFULSET",
                  "STORAGE",
                  "CADVISOR",
                  "KUBELET"
                ]
              }
            ],
            "monitoring_service": "monitoring.googleapis.com/kubernetes",
            "name": "my-gke-cluster",
            "network": "projects/psyched-timer-426907-d6/global/networks/vpc1",
            "network_policy": [
              {
                "enabled": false,
                "provider": "PROVIDER_UNSPECIFIED"
              }
            ],
            "networking_mode": "VPC_NATIVE",
            "node_config": [
              {
                "boot_disk_kms_key": "",
                "disk_size_gb": 100,
                "disk_type": "pd-balanced",
                "gcfs_config": [],
                "guest_accelerator": [],
                "image_type": "COS_CONTAINERD",
                "labels": {
                  "env": "dev"
                },
                "local_ssd_count": 0,
                "machine_type": "n1-standard-1",
                "metadata": {
                  "disable-legacy-endpoints": "true"
                },
                "min_cpu_platform": "",
                "node_group": "",
                "oauth_scopes": [
                  "https://www.googleapis.com/auth/logging.write",
                  "https://www.googleapis.com/auth/monitoring"
                ],
                "preemptible": true,
                "service_account": "default",
                "shielded_instance_config": [
                  {
                    "enable_integrity_monitoring": true,
                    "enable_secure_boot": false
                  }
                ],
                "tags": [],
                "taint": [],
                "workload_metadata_config": []
              }
            ],
            "node_locations": [],
            "node_pool": [
              {
                "autoscaling": [],
                "initial_node_count": 2,
                "instance_group_urls": [
                  "https://www.googleapis.com/compute/v1/projects/psyched-timer-426907-d6/zones/asia-south2-a/instanceGroupManagers/gke-my-gke-cluster-my-gke-cluster-9d95bea0-grp"
                ],
                "managed_instance_group_urls": [
                  "https://www.googleapis.com/compute/v1/projects/psyched-timer-426907-d6/zones/asia-south2-a/instanceGroups/gke-my-gke-cluster-my-gke-cluster-9d95bea0-grp"
                ],
                "management": [
                  {
                    "auto_repair": true,
                    "auto_upgrade": true
                  }
                ],
                "max_pods_per_node": 110,
                "name": "my-gke-cluster",
                "name_prefix": "",
                "node_config": [
                  {
                    "boot_disk_kms_key": "",
                    "disk_size_gb": 100,
                    "disk_type": "pd-balanced",
                    "gcfs_config": [],
                    "guest_accelerator": [],
                    "image_type": "COS_CONTAINERD",
                    "labels": {
                      "env": "dev"
                    },
                    "local_ssd_count": 0,
                    "machine_type": "n1-standard-1",
                    "metadata": {
                      "disable-legacy-endpoints": "true"
                    },
                    "min_cpu_platform": "",
                    "node_group": "",
                    "oauth_scopes": [
                      "https://www.googleapis.com/auth/logging.write",
                      "https://www.googleapis.com/auth/monitoring"
                    ],
                    "preemptible": true,
                    "service_account": "default",
                    "shielded_instance_config": [
                      {
                        "enable_integrity_monitoring": true,
                        "enable_secure_boot": false
                      }
                    ],
                    "tags": [],
                    "taint": [],
                    "workload_metadata_config": []
                  }
                ],
                "node_count": 2,
                "node_locations": [
                  "asia-south2-a"
                ],
                "upgrade_settings": [
                  {
                    "max_surge": 1,
                    "max_unavailable": 0
                  }
                ],
                "version": "1.29.6-gke.1326000"
              }
            ],
            "node_version": "1.29.6-gke.1326000",
            "operation": null,
            "private_cluster_config": [
              {
                "enable_private_endpoint": true,
                "enable_private_nodes": true,
                "master_global_access_config": [
                  {
                    "enabled": false
                  }
                ],
                "master_ipv4_cidr_block": "10.13.0.0/28",
                "peering_name": "",
                "private_endpoint": "10.13.0.2",
                "public_endpoint": "34.131.65.98"
              }
            ],
            "private_ipv6_google_access": "",
            "project": "psyched-timer-426907-d6",
            "release_channel": [
              {
                "channel": "REGULAR"
              }
            ],
            "remove_default_node_pool": true,
            "resource_labels": {},
            "resource_usage_export_config": [],
            "self_link": "https://container.googleapis.com/v1/projects/psyched-timer-426907-d6/zones/asia-south2-a/clusters/my-gke-cluster",
            "services_ipv4_cidr": "10.12.0.0/21",
            "subnetwork": "projects/psyched-timer-426907-d6/regions/asia-south2/subnetworks/subnet1",
            "timeouts": null,
            "tpu_ipv4_cidr_block": "",
            "vertical_pod_autoscaling": [],
            "workload_identity_config": []
          },
          "sensitive_attributes": [
            [
              {
                "type": "get_attr",
                "value": "master_auth"
              },
              {
                "type": "index",
                "value": {
                  "value": 0,
                  "type": "number"
                }
              },
              {
                "type": "get_attr",
                "value": "client_key"
              }
            ]
          ],
          "private": "eyJlMmJmYjczMC1lY2FhLTExZTYtOGY4OC0zNDM2M2JjN2M0YzAiOnsiY3JlYXRlIjoyNDAwMDAwMDAwMDAwLCJkZWxldGUiOjI0MDAwMDAwMDAwMDAsInJlYWQiOjI0MDAwMDAwMDAwMDAsInVwZGF0ZSI6MzYwMDAwMDAwMDAwMH0sInNjaGVtYV92ZXJzaW9uIjoiMSJ9",
          "dependencies": [
            "google_compute_network.vpc",
            "google_compute_subnetwork.subnet"
          ]
        }
      ]
    },
    {
      "mode": "managed",
      "type": "google_container_node_pool",
      "name": "primary_nodes",
      "provider": "provider[\"registry.terraform.io/hashicorp/google\"]",
      "instances": [
        {
          "schema_version": 1,
          "attributes": {
            "autoscaling": [],
            "cluster": "my-gke-cluster",
            "id": "projects/psyched-timer-426907-d6/locations/asia-south2-a/clusters/my-gke-cluster/nodePools/my-gke-cluster",
            "initial_node_count": 2,
            "instance_group_urls": [
              "https://www.googleapis.com/compute/v1/projects/psyched-timer-426907-d6/zones/asia-south2-a/instanceGroupManagers/gke-my-gke-cluster-my-gke-cluster-9d95bea0-grp"
            ],
            "location": "asia-south2-a",
            "managed_instance_group_urls": [
              "https://www.googleapis.com/compute/v1/projects/psyched-timer-426907-d6/zones/asia-south2-a/instanceGroups/gke-my-gke-cluster-my-gke-cluster-9d95bea0-grp"
            ],
            "management": [
              {
                "auto_repair": true,
                "auto_upgrade": true
              }
            ],
            "max_pods_per_node": 110,
            "name": "my-gke-cluster",
            "name_prefix": "",
            "node_config": [
              {
                "boot_disk_kms_key": "",
                "disk_size_gb": 100,
                "disk_type": "pd-balanced",
                "gcfs_config": [],
                "guest_accelerator": [],
                "image_type": "COS_CONTAINERD",
                "labels": {
                  "env": "dev"
                },
                "local_ssd_count": 0,
                "machine_type": "n1-standard-1",
                "metadata": {
                  "disable-legacy-endpoints": "true"
                },
                "min_cpu_platform": "",
                "node_group": "",
                "oauth_scopes": [
                  "https://www.googleapis.com/auth/logging.write",
                  "https://www.googleapis.com/auth/monitoring"
                ],
                "preemptible": true,
                "service_account": "default",
                "shielded_instance_config": [
                  {
                    "enable_integrity_monitoring": true,
                    "enable_secure_boot": false
                  }
                ],
                "tags": [],
                "taint": [],
                "workload_metadata_config": []
              }
            ],
            "node_count": 2,
            "node_locations": [
              "asia-south2-a"
            ],
            "operation": null,
            "project": "psyched-timer-426907-d6",
            "timeouts": null,
            "upgrade_settings": [
              {
                "max_surge": 1,
                "max_unavailable": 0
              }
            ],
            "version": "1.29.6-gke.1326000"
          },
          "sensitive_attributes": [],
          "private": "eyJlMmJmYjczMC1lY2FhLTExZTYtOGY4OC0zNDM2M2JjN2M0YzAiOnsiY3JlYXRlIjoxODAwMDAwMDAwMDAwLCJkZWxldGUiOjE4MDAwMDAwMDAwMDAsInVwZGF0ZSI6MTgwMDAwMDAwMDAwMH0sInNjaGVtYV92ZXJzaW9uIjoiMSJ9",
          "dependencies": [
            "google_compute_network.vpc",
            "google_compute_subnetwork.subnet",
            "google_container_cluster.primary"
          ]
        }
      ]
    },
    {
      "mode": "managed",
      "type": "google_project_iam_member",
      "name": "project",
      "provider": "provider[\"registry.terraform.io/hashicorp/google\"]",
      "instances": [
        {
          "schema_version": 0,
          "attributes": {
            "condition": [],
            "etag": "BwYfjW7pCBc=",
            "id": "psyched-timer-426907-d6/roles/iap.tunnelResourceAccessor/serviceAccount:terraform-admin@psyched-timer-426907-d6.iam.gserviceaccount.com",
            "member": "serviceAccount:terraform-admin@psyched-timer-426907-d6.iam.gserviceaccount.com",
            "project": "psyched-timer-426907-d6",
            "role": "roles/iap.tunnelResourceAccessor"
          },
          "sensitive_attributes": [],
          "private": "bnVsbA=="
        }
      ]
    },
    {
      "module": "module.cloud-nat",
      "mode": "managed",
      "type": "google_compute_router_nat",
      "name": "main",
      "provider": "provider[\"registry.terraform.io/hashicorp/google\"]",
      "instances": [
        {
          "schema_version": 0,
          "attributes": {
            "drain_nat_ips": null,
            "enable_endpoint_independent_mapping": true,
            "icmp_idle_timeout_sec": 30,
            "id": "psyched-timer-426907-d6/asia-south2/nat-router/nat-config",
            "log_config": [],
            "min_ports_per_vm": 64,
            "name": "nat-config",
            "nat_ip_allocate_option": "AUTO_ONLY",
            "nat_ips": null,
            "project": "psyched-timer-426907-d6",
            "region": "asia-south2",
            "router": "nat-router",
            "source_subnetwork_ip_ranges_to_nat": "ALL_SUBNETWORKS_ALL_IP_RANGES",
            "subnetwork": [],
            "tcp_established_idle_timeout_sec": 1200,
            "tcp_transitory_idle_timeout_sec": 30,
            "timeouts": null,
            "udp_idle_timeout_sec": 30
          },
          "sensitive_attributes": [],
          "private": "eyJlMmJmYjczMC1lY2FhLTExZTYtOGY4OC0zNDM2M2JjN2M0YzAiOnsiY3JlYXRlIjo2MDAwMDAwMDAwMDAsImRlbGV0ZSI6NjAwMDAwMDAwMDAwLCJ1cGRhdGUiOjYwMDAwMDAwMDAwMH19",
          "dependencies": [
            "google_compute_router.router",
            "module.cloud-nat.google_compute_router.router",
            "module.cloud-nat.random_string.name_suffix"
          ]
        }
      ]
    },
    {
      "module": "module.cloud-nat",
      "mode": "managed",
      "type": "random_string",
      "name": "name_suffix",
      "provider": "provider[\"registry.terraform.io/hashicorp/random\"]",
      "instances": [
        {
          "schema_version": 2,
          "attributes": {
            "id": "dzczuj",
            "keepers": null,
            "length": 6,
            "lower": true,
            "min_lower": 0,
            "min_numeric": 0,
            "min_special": 0,
            "min_upper": 0,
            "number": true,
            "numeric": true,
            "override_special": null,
            "result": "dzczuj",
            "special": false,
            "upper": false
          },
          "sensitive_attributes": []
        }
      ]
    }
  ],
  "check_results": null
}
